
Microsoft Visual Studio Solution File, Format Version 12.00
# Visual Studio Version 17
VisualStudioVersion = 17.3.32804.467
MinimumVisualStudioVersion = 10.0.40219.1
Project("{FAE04EC0-301F-11D3-BF4B-00C04F79EFBC}") = "RappelJdr", "RappelJdr\RappelJdr.csproj", "{5321E88A-9C3C-41A9-B1A9-06BC525B5301}"
EndProject
Project("{FAE04EC0-301F-11D3-BF4B-00C04F79EFBC}") = "RappelJdr.Database", "RappelJdr.Database\RappelJdr.Database.csproj", "{A8E55178-C894-407D-BDD5-7AC95D523170}"
EndProject
Project("{FAE04EC0-301F-11D3-BF4B-00C04F79EFBC}") = "RappelJdr.Entities", "RappelJdr.Entities\RappelJdr.Entities.csproj", "{EB69FFD8-93D0-4D54-9116-F70A164937B4}"
EndProject
Global
	GlobalSection(SolutionConfigurationPlatforms) = preSolution
		Debug|Any CPU = Debug|Any CPU
		Release|Any CPU = Release|Any CPU
	EndGlobalSection
	GlobalSection(ProjectConfigurationPlatforms) = postSolution
		{5321E88A-9C3C-41A9-B1A9-06BC525B5301}.Debug|Any CPU.ActiveCfg = Debug|Any CPU
		{5321E88A-9C3C-41A9-B1A9-06BC525B5301}.Debug|Any CPU.Build.0 = Debug|Any CPU
		{5321E88A-9C3C-41A9-B1A9-06BC525B5301}.Release|Any CPU.ActiveCfg = Release|Any CPU
		{5321E88A-9C3C-41A9-B1A9-06BC525B5301}.Release|Any CPU.Build.0 = Release|Any CPU
		{A8E55178-C894-407D-BDD5-7AC95D523170}.Debug|Any CPU.ActiveCfg = Debug|Any CPU
		{A8E55178-C894-407D-BDD5-7AC95D523170}.Debug|Any CPU.Build.0 = Debug|Any CPU
		{A8E55178-C894-407D-BDD5-7AC95D523170}.Release|Any CPU.ActiveCfg = Release|Any CPU
		{A8E55178-C894-407D-BDD5-7AC95D523170}.Release|Any CPU.Build.0 = Release|Any CPU
		{EB69FFD8-93D0-4D54-9116-F70A164937B4}.Debug|Any CPU.ActiveCfg = Debug|Any CPU
		{EB69FFD8-93D0-4D54-9116-F70A164937B4}.Debug|Any CPU.Build.0 = Debug|Any CPU
		{EB69FFD8-93D0-4D54-9116-F70A164937B4}.Release|Any CPU.ActiveCfg = Release|Any CPU
		{EB69FFD8-93D0-4D54-9116-F70A164937B4}.Release|Any CPU.Build.0 = Release|Any CPU
	EndGlobalSection
	GlobalSection(SolutionProperties) = preSolution
		HideSolutionNode = FALSE
	EndGlobalSection
	GlobalSection(ExtensibilityGlobals) = postSolution
		SolutionGuid = {0F1B185B-D4A9-4FF7-AC17-A0526674A280}
	EndGlobalSection
EndGlobal
